// !$*UTF8*$!
{
	archiveVersion = 1;
	classes = {
	};
	objectVersion = 50;
	objects = {

/* Begin PBXBuildFile section */
		485DA20720B6AF3F00346C76 /* FavoriteTableViewController.swift in Sources */ = {isa = PBXBuildFile; fileRef = 485DA20620B6AF3F00346C76 /* FavoriteTableViewController.swift */; };
		485DA20920B6B04700346C76 /* Data.swift in Sources */ = {isa = PBXBuildFile; fileRef = 485DA20820B6B04700346C76 /* Data.swift */; };
		906FD5F120BAEF4800E583C2 /* MapViewController.swift in Sources */ = {isa = PBXBuildFile; fileRef = 906FD5F020BAEF4800E583C2 /* MapViewController.swift */; };
		C5F0053A20A432FE00DE7B8D /* AppDelegate.swift in Sources */ = {isa = PBXBuildFile; fileRef = C5F0053920A432FE00DE7B8D /* AppDelegate.swift */; };
		C5F0053F20A432FE00DE7B8D /* Main.storyboard in Resources */ = {isa = PBXBuildFile; fileRef = C5F0053D20A432FE00DE7B8D /* Main.storyboard */; };
		C5F0054120A432FF00DE7B8D /* Assets.xcassets in Resources */ = {isa = PBXBuildFile; fileRef = C5F0054020A432FF00DE7B8D /* Assets.xcassets */; };
		C5F0054420A432FF00DE7B8D /* LaunchScreen.storyboard in Resources */ = {isa = PBXBuildFile; fileRef = C5F0054220A432FF00DE7B8D /* LaunchScreen.storyboard */; };
		C5F0054F20A432FF00DE7B8D /* UZuChaTests.swift in Sources */ = {isa = PBXBuildFile; fileRef = C5F0054E20A432FF00DE7B8D /* UZuChaTests.swift */; };
		C5F0055A20A432FF00DE7B8D /* UZuChaUITests.swift in Sources */ = {isa = PBXBuildFile; fileRef = C5F0055920A432FF00DE7B8D /* UZuChaUITests.swift */; };
		CED7113B2C410C721A8F8FE2 /* libPods-UZuCha.a in Frameworks */ = {isa = PBXBuildFile; fileRef = 038647CA18877F400D7660BE /* libPods-UZuCha.a */; };
/* End PBXBuildFile section */

/* Begin PBXContainerItemProxy section */
		C5F0054B20A432FF00DE7B8D /* PBXContainerItemProxy */ = {
			isa = PBXContainerItemProxy;
			containerPortal = C5F0052E20A432FE00DE7B8D /* Project object */;
			proxyType = 1;
			remoteGlobalIDString = C5F0053520A432FE00DE7B8D;
			remoteInfo = UZuCha;
		};
		C5F0055620A432FF00DE7B8D /* PBXContainerItemProxy */ = {
			isa = PBXContainerItemProxy;
			containerPortal = C5F0052E20A432FE00DE7B8D /* Project object */;
			proxyType = 1;
			remoteGlobalIDString = C5F0053520A432FE00DE7B8D;
			remoteInfo = UZuCha;
		};
/* End PBXContainerItemProxy section */

/* Begin PBXFileReference section */
		038647CA18877F400D7660BE /* libPods-UZuCha.a */ = {isa = PBXFileReference; explicitFileType = archive.ar; includeInIndex = 0; path = "libPods-UZuCha.a"; sourceTree = BUILT_PRODUCTS_DIR; };
		0FFAC13581E3EBA1236CC685 /* Pods-UZuCha.debug.xcconfig */ = {isa = PBXFileReference; includeInIndex = 1; lastKnownFileType = text.xcconfig; name = "Pods-UZuCha.debug.xcconfig"; path = "Pods/Target Support Files/Pods-UZuCha/Pods-UZuCha.debug.xcconfig"; sourceTree = "<group>"; };
		485DA20620B6AF3F00346C76 /* FavoriteTableViewController.swift */ = {isa = PBXFileReference; lastKnownFileType = sourcecode.swift; path = FavoriteTableViewController.swift; sourceTree = "<group>"; };
		485DA20820B6B04700346C76 /* Data.swift */ = {isa = PBXFileReference; lastKnownFileType = sourcecode.swift; path = Data.swift; sourceTree = "<group>"; };
		906FD5F020BAEF4800E583C2 /* MapViewController.swift */ = {isa = PBXFileReference; lastKnownFileType = sourcecode.swift; path = MapViewController.swift; sourceTree = "<group>"; };
		C5F0053620A432FE00DE7B8D /* UZuCha.app */ = {isa = PBXFileReference; explicitFileType = wrapper.application; includeInIndex = 0; path = UZuCha.app; sourceTree = BUILT_PRODUCTS_DIR; };
		C5F0053920A432FE00DE7B8D /* AppDelegate.swift */ = {isa = PBXFileReference; lastKnownFileType = sourcecode.swift; path = AppDelegate.swift; sourceTree = "<group>"; };
		C5F0053E20A432FE00DE7B8D /* Base */ = {isa = PBXFileReference; lastKnownFileType = file.storyboard; name = Base; path = Base.lproj/Main.storyboard; sourceTree = "<group>"; };
		C5F0054020A432FF00DE7B8D /* Assets.xcassets */ = {isa = PBXFileReference; lastKnownFileType = folder.assetcatalog; path = Assets.xcassets; sourceTree = "<group>"; };
		C5F0054320A432FF00DE7B8D /* Base */ = {isa = PBXFileReference; lastKnownFileType = file.storyboard; name = Base; path = Base.lproj/LaunchScreen.storyboard; sourceTree = "<group>"; };
		C5F0054520A432FF00DE7B8D /* Info.plist */ = {isa = PBXFileReference; lastKnownFileType = text.plist.xml; path = Info.plist; sourceTree = "<group>"; };
		C5F0054A20A432FF00DE7B8D /* UZuChaTests.xctest */ = {isa = PBXFileReference; explicitFileType = wrapper.cfbundle; includeInIndex = 0; path = UZuChaTests.xctest; sourceTree = BUILT_PRODUCTS_DIR; };
		C5F0054E20A432FF00DE7B8D /* UZuChaTests.swift */ = {isa = PBXFileReference; lastKnownFileType = sourcecode.swift; path = UZuChaTests.swift; sourceTree = "<group>"; };
		C5F0055020A432FF00DE7B8D /* Info.plist */ = {isa = PBXFileReference; lastKnownFileType = text.plist.xml; path = Info.plist; sourceTree = "<group>"; };
		C5F0055520A432FF00DE7B8D /* UZuChaUITests.xctest */ = {isa = PBXFileReference; explicitFileType = wrapper.cfbundle; includeInIndex = 0; path = UZuChaUITests.xctest; sourceTree = BUILT_PRODUCTS_DIR; };
		C5F0055920A432FF00DE7B8D /* UZuChaUITests.swift */ = {isa = PBXFileReference; lastKnownFileType = sourcecode.swift; path = UZuChaUITests.swift; sourceTree = "<group>"; };
		C5F0055B20A432FF00DE7B8D /* Info.plist */ = {isa = PBXFileReference; lastKnownFileType = text.plist.xml; path = Info.plist; sourceTree = "<group>"; };
		F78A3F503F337EB636267DAB /* Pods-UZuCha.release.xcconfig */ = {isa = PBXFileReference; includeInIndex = 1; lastKnownFileType = text.xcconfig; name = "Pods-UZuCha.release.xcconfig"; path = "Pods/Target Support Files/Pods-UZuCha/Pods-UZuCha.release.xcconfig"; sourceTree = "<group>"; };
/* End PBXFileReference section */

/* Begin PBXFrameworksBuildPhase section */
		C5F0053320A432FE00DE7B8D /* Frameworks */ = {
			isa = PBXFrameworksBuildPhase;
			buildActionMask = 2147483647;
			files = (
				CED7113B2C410C721A8F8FE2 /* libPods-UZuCha.a in Frameworks */,
			);
			runOnlyForDeploymentPostprocessing = 0;
		};
		C5F0054720A432FF00DE7B8D /* Frameworks */ = {
			isa = PBXFrameworksBuildPhase;
			buildActionMask = 2147483647;
			files = (
			);
			runOnlyForDeploymentPostprocessing = 0;
		};
		C5F0055220A432FF00DE7B8D /* Frameworks */ = {
			isa = PBXFrameworksBuildPhase;
			buildActionMask = 2147483647;
			files = (
			);
			runOnlyForDeploymentPostprocessing = 0;
		};
/* End PBXFrameworksBuildPhase section */

/* Begin PBXGroup section */
		28FF976163AC5698E1246786 /* Pods */ = {
			isa = PBXGroup;
			children = (
				0FFAC13581E3EBA1236CC685 /* Pods-UZuCha.debug.xcconfig */,
				F78A3F503F337EB636267DAB /* Pods-UZuCha.release.xcconfig */,
			);
			name = Pods;
			sourceTree = "<group>";
		};
		C5F0052D20A432FE00DE7B8D = {
			isa = PBXGroup;
			children = (
				C5F0053820A432FE00DE7B8D /* UZuCha */,
				C5F0054D20A432FF00DE7B8D /* UZuChaTests */,
				C5F0055820A432FF00DE7B8D /* UZuChaUITests */,
				C5F0053720A432FE00DE7B8D /* Products */,
				28FF976163AC5698E1246786 /* Pods */,
				D273CCBFB4773B60B7B62DB4 /* Frameworks */,
			);
			sourceTree = "<group>";
		};
		C5F0053720A432FE00DE7B8D /* Products */ = {
			isa = PBXGroup;
			children = (
				C5F0053620A432FE00DE7B8D /* UZuCha.app */,
				C5F0054A20A432FF00DE7B8D /* UZuChaTests.xctest */,
				C5F0055520A432FF00DE7B8D /* UZuChaUITests.xctest */,
			);
			name = Products;
			sourceTree = "<group>";
		};
		C5F0053820A432FE00DE7B8D /* UZuCha */ = {
			isa = PBXGroup;
			children = (
				C5F0053920A432FE00DE7B8D /* AppDelegate.swift */,
				C5F0053D20A432FE00DE7B8D /* Main.storyboard */,
				485DA20620B6AF3F00346C76 /* FavoriteTableViewController.swift */,
				485DA20820B6B04700346C76 /* Data.swift */,
				C5F0054020A432FF00DE7B8D /* Assets.xcassets */,
				C5F0054220A432FF00DE7B8D /* LaunchScreen.storyboard */,
				C5F0054520A432FF00DE7B8D /* Info.plist */,
				906FD5F020BAEF4800E583C2 /* MapViewController.swift */,
			);
			path = UZuCha;
			sourceTree = "<group>";
		};
		C5F0054D20A432FF00DE7B8D /* UZuChaTests */ = {
			isa = PBXGroup;
			children = (
				C5F0054E20A432FF00DE7B8D /* UZuChaTests.swift */,
				C5F0055020A432FF00DE7B8D /* Info.plist */,
			);
			path = UZuChaTests;
			sourceTree = "<group>";
		};
		C5F0055820A432FF00DE7B8D /* UZuChaUITests */ = {
			isa = PBXGroup;
			children = (
				C5F0055920A432FF00DE7B8D /* UZuChaUITests.swift */,
				C5F0055B20A432FF00DE7B8D /* Info.plist */,
			);
			path = UZuChaUITests;
			sourceTree = "<group>";
		};
		D273CCBFB4773B60B7B62DB4 /* Frameworks */ = {
			isa = PBXGroup;
			children = (
				038647CA18877F400D7660BE /* libPods-UZuCha.a */,
			);
			name = Frameworks;
			sourceTree = "<group>";
		};
/* End PBXGroup section */

/* Begin PBXNativeTarget section */
		C5F0053520A432FE00DE7B8D /* UZuCha */ = {
			isa = PBXNativeTarget;
			buildConfigurationList = C5F0055E20A432FF00DE7B8D /* Build configuration list for PBXNativeTarget "UZuCha" */;
			buildPhases = (
				1EB25F60956931A414F2FF6A /* [CP] Check Pods Manifest.lock */,
				C5F0053220A432FE00DE7B8D /* Sources */,
				C5F0053320A432FE00DE7B8D /* Frameworks */,
				C5F0053420A432FE00DE7B8D /* Resources */,
				357764F00F2B199185C60700 /* [CP] Copy Pods Resources */,
			);
			buildRules = (
			);
			dependencies = (
			);
			name = UZuCha;
			productName = UZuCha;
			productReference = C5F0053620A432FE00DE7B8D /* UZuCha.app */;
			productType = "com.apple.product-type.application";
		};
		C5F0054920A432FF00DE7B8D /* UZuChaTests */ = {
			isa = PBXNativeTarget;
			buildConfigurationList = C5F0056120A432FF00DE7B8D /* Build configuration list for PBXNativeTarget "UZuChaTests" */;
			buildPhases = (
				C5F0054620A432FF00DE7B8D /* Sources */,
				C5F0054720A432FF00DE7B8D /* Frameworks */,
				C5F0054820A432FF00DE7B8D /* Resources */,
			);
			buildRules = (
			);
			dependencies = (
				C5F0054C20A432FF00DE7B8D /* PBXTargetDependency */,
			);
			name = UZuChaTests;
			productName = UZuChaTests;
			productReference = C5F0054A20A432FF00DE7B8D /* UZuChaTests.xctest */;
			productType = "com.apple.product-type.bundle.unit-test";
		};
		C5F0055420A432FF00DE7B8D /* UZuChaUITests */ = {
			isa = PBXNativeTarget;
			buildConfigurationList = C5F0056420A432FF00DE7B8D /* Build configuration list for PBXNativeTarget "UZuChaUITests" */;
			buildPhases = (
				C5F0055120A432FF00DE7B8D /* Sources */,
				C5F0055220A432FF00DE7B8D /* Frameworks */,
				C5F0055320A432FF00DE7B8D /* Resources */,
			);
			buildRules = (
			);
			dependencies = (
				C5F0055720A432FF00DE7B8D /* PBXTargetDependency */,
			);
			name = UZuChaUITests;
			productName = UZuChaUITests;
			productReference = C5F0055520A432FF00DE7B8D /* UZuChaUITests.xctest */;
			productType = "com.apple.product-type.bundle.ui-testing";
		};
/* End PBXNativeTarget section */

/* Begin PBXProject section */
		C5F0052E20A432FE00DE7B8D /* Project object */ = {
			isa = PBXProject;
			attributes = {
				LastSwiftUpdateCheck = 0930;
				LastUpgradeCheck = 0930;
				ORGANIZATIONNAME = KWJ;
				TargetAttributes = {
					C5F0053520A432FE00DE7B8D = {
						CreatedOnToolsVersion = 9.3;
					};
					C5F0054920A432FF00DE7B8D = {
						CreatedOnToolsVersion = 9.3;
						TestTargetID = C5F0053520A432FE00DE7B8D;
					};
					C5F0055420A432FF00DE7B8D = {
						CreatedOnToolsVersion = 9.3;
						TestTargetID = C5F0053520A432FE00DE7B8D;
					};
				};
			};
			buildConfigurationList = C5F0053120A432FE00DE7B8D /* Build configuration list for PBXProject "UZuCha" */;
			compatibilityVersion = "Xcode 9.3";
			developmentRegion = en;
			hasScannedForEncodings = 0;
			knownRegions = (
				en,
				Base,
			);
			mainGroup = C5F0052D20A432FE00DE7B8D;
			productRefGroup = C5F0053720A432FE00DE7B8D /* Products */;
			projectDirPath = "";
			projectRoot = "";
			targets = (
				C5F0053520A432FE00DE7B8D /* UZuCha */,
				C5F0054920A432FF00DE7B8D /* UZuChaTests */,
				C5F0055420A432FF00DE7B8D /* UZuChaUITests */,
			);
		};
/* End PBXProject section */

/* Begin PBXResourcesBuildPhase section */
		C5F0053420A432FE00DE7B8D /* Resources */ = {
			isa = PBXResourcesBuildPhase;
			buildActionMask = 2147483647;
			files = (
				C5F0054420A432FF00DE7B8D /* LaunchScreen.storyboard in Resources */,
				C5F0054120A432FF00DE7B8D /* Assets.xcassets in Resources */,
				C5F0053F20A432FE00DE7B8D /* Main.storyboard in Resources */,
			);
			runOnlyForDeploymentPostprocessing = 0;
		};
		C5F0054820A432FF00DE7B8D /* Resources */ = {
			isa = PBXResourcesBuildPhase;
			buildActionMask = 2147483647;
			files = (
			);
			runOnlyForDeploymentPostprocessing = 0;
		};
		C5F0055320A432FF00DE7B8D /* Resources */ = {
			isa = PBXResourcesBuildPhase;
			buildActionMask = 2147483647;
			files = (
			);
			runOnlyForDeploymentPostprocessing = 0;
		};
/* End PBXResourcesBuildPhase section */

/* Begin PBXShellScriptBuildPhase section */
		1EB25F60956931A414F2FF6A /* [CP] Check Pods Manifest.lock */ = {
			isa = PBXShellScriptBuildPhase;
			buildActionMask = 2147483647;
			files = (
			);
			inputPaths = (
				"${PODS_PODFILE_DIR_PATH}/Podfile.lock",
				"${PODS_ROOT}/Manifest.lock",
			);
			name = "[CP] Check Pods Manifest.lock";
			outputPaths = (
				"$(DERIVED_FILE_DIR)/Pods-UZuCha-checkManifestLockResult.txt",
			);
			runOnlyForDeploymentPostprocessing = 0;
			shellPath = /bin/sh;
			shellScript = "diff \"${PODS_PODFILE_DIR_PATH}/Podfile.lock\" \"${PODS_ROOT}/Manifest.lock\" > /dev/null\nif [ $? != 0 ] ; then\n    # print error to STDERR\n    echo \"error: The sandbox is not in sync with the Podfile.lock. Run 'pod install' or update your CocoaPods installation.\" >&2\n    exit 1\nfi\n# This output is used by Xcode 'outputs' to avoid re-running this script phase.\necho \"SUCCESS\" > \"${SCRIPT_OUTPUT_FILE_0}\"\n";
			showEnvVarsInLog = 0;
		};
		357764F00F2B199185C60700 /* [CP] Copy Pods Resources */ = {
			isa = PBXShellScriptBuildPhase;
			buildActionMask = 2147483647;
			files = (
			);
			inputPaths = (
				"${SRCROOT}/Pods/Target Support Files/Pods-UZuCha/Pods-UZuCha-resources.sh",
				"${PODS_ROOT}/GoogleMaps/Maps/Frameworks/GoogleMaps.framework/Resources/GoogleMaps.bundle",
				"${PODS_ROOT}/GooglePlaces/Frameworks/GooglePlaces.framework/Resources/GooglePlaces.bundle",
			);
			name = "[CP] Copy Pods Resources";
			outputPaths = (
				"${TARGET_BUILD_DIR}/${UNLOCALIZED_RESOURCES_FOLDER_PATH}/GoogleMaps.bundle",
				"${TARGET_BUILD_DIR}/${UNLOCALIZED_RESOURCES_FOLDER_PATH}/GooglePlaces.bundle",
			);
			runOnlyForDeploymentPostprocessing = 0;
			shellPath = /bin/sh;
			shellScript = "\"${SRCROOT}/Pods/Target Support Files/Pods-UZuCha/Pods-UZuCha-resources.sh\"\n";
			showEnvVarsInLog = 0;
		};
/* End PBXShellScriptBuildPhase section */

/* Begin PBXSourcesBuildPhase section */
		C5F0053220A432FE00DE7B8D /* Sources */ = {
			isa = PBXSourcesBuildPhase;
			buildActionMask = 2147483647;
			files = (
				C5F0053A20A432FE00DE7B8D /* AppDelegate.swift in Sources */,
				485DA20720B6AF3F00346C76 /* FavoriteTableViewController.swift in Sources */,
				485DA20920B6B04700346C76 /* Data.swift in Sources */,
				906FD5F120BAEF4800E583C2 /* MapViewController.swift in Sources */,
			);
			runOnlyForDeploymentPostprocessing = 0;
		};
		C5F0054620A432FF00DE7B8D /* Sources */ = {
			isa = PBXSourcesBuildPhase;
			buildActionMask = 2147483647;
			files = (
				C5F0054F20A432FF00DE7B8D /* UZuChaTests.swift in Sources */,
			);
			runOnlyForDeploymentPostprocessing = 0;
		};
		C5F0055120A432FF00DE7B8D /* Sources */ = {
			isa = PBXSourcesBuildPhase;
			buildActionMask = 2147483647;
			files = (
				C5F0055A20A432FF00DE7B8D /* UZuChaUITests.swift in Sources */,
			);
			runOnlyForDeploymentPostprocessing = 0;
		};
/* End PBXSourcesBuildPhase section */

/* Begin PBXTargetDependency section */
		C5F0054C20A432FF00DE7B8D /* PBXTargetDependency */ = {
			isa = PBXTargetDependency;
			target = C5F0053520A432FE00DE7B8D /* UZuCha */;
			targetProxy = C5F0054B20A432FF00DE7B8D /* PBXContainerItemProxy */;
		};
		C5F0055720A432FF00DE7B8D /* PBXTargetDependency */ = {
			isa = PBXTargetDependency;
			target = C5F0053520A432FE00DE7B8D /* UZuCha */;
			targetProxy = C5F0055620A432FF00DE7B8D /* PBXContainerItemProxy */;
		};
/* End PBXTargetDependency section */

/* Begin PBXVariantGroup section */
		C5F0053D20A432FE00DE7B8D /* Main.storyboard */ = {
			isa = PBXVariantGroup;
			children = (
				C5F0053E20A432FE00DE7B8D /* Base */,
			);
			name = Main.storyboard;
			sourceTree = "<group>";
		};
		C5F0054220A432FF00DE7B8D /* LaunchScreen.storyboard */ = {
			isa = PBXVariantGroup;
			children = (
				C5F0054320A432FF00DE7B8D /* Base */,
			);
			name = LaunchScreen.storyboard;
			sourceTree = "<group>";
		};
/* End PBXVariantGroup section */

/* Begin XCBuildConfiguration section */
		C5F0055C20A432FF00DE7B8D /* Debug */ = {
			isa = XCBuildConfiguration;
			buildSettings = {
				ALWAYS_SEARCH_USER_PATHS = NO;
				CLANG_ANALYZER_NONNULL = YES;
				CLANG_ANALYZER_NUMBER_OBJECT_CONVERSION = YES_AGGRESSIVE;
				CLANG_CXX_LANGUAGE_STANDARD = "gnu++14";
				CLANG_CXX_LIBRARY = "libc++";
				CLANG_ENABLE_MODULES = YES;
				CLANG_ENABLE_OBJC_ARC = YES;
				CLANG_ENABLE_OBJC_WEAK = YES;
				CLANG_WARN_BLOCK_CAPTURE_AUTORELEASING = YES;
				CLANG_WARN_BOOL_CONVERSION = YES;
				CLANG_WARN_COMMA = YES;
				CLANG_WARN_CONSTANT_CONVERSION = YES;
				CLANG_WARN_DEPRECATED_OBJC_IMPLEMENTATIONS = YES;
				CLANG_WARN_DIRECT_OBJC_ISA_USAGE = YES_ERROR;
				CLANG_WARN_DOCUMENTATION_COMMENTS = YES;
				CLANG_WARN_EMPTY_BODY = YES;
				CLANG_WARN_ENUM_CONVERSION = YES;
				CLANG_WARN_INFINITE_RECURSION = YES;
				CLANG_WARN_INT_CONVERSION = YES;
				CLANG_WARN_NON_LITERAL_NULL_CONVERSION = YES;
				CLANG_WARN_OBJC_IMPLICIT_RETAIN_SELF = YES;
				CLANG_WARN_OBJC_LITERAL_CONVERSION = YES;
				CLANG_WARN_OBJC_ROOT_CLASS = YES_ERROR;
				CLANG_WARN_RANGE_LOOP_ANALYSIS = YES;
				CLANG_WARN_STRICT_PROTOTYPES = YES;
				CLANG_WARN_SUSPICIOUS_MOVE = YES;
				CLANG_WARN_UNGUARDED_AVAILABILITY = YES_AGGRESSIVE;
				CLANG_WARN_UNREACHABLE_CODE = YES;
				CLANG_WARN__DUPLICATE_METHOD_MATCH = YES;
				CODE_SIGN_IDENTITY = "iPhone Developer";
				COPY_PHASE_STRIP = NO;
				DEBUG_INFORMATION_FORMAT = dwarf;
				ENABLE_STRICT_OBJC_MSGSEND = YES;
				ENABLE_TESTABILITY = YES;
				GCC_C_LANGUAGE_STANDARD = gnu11;
				GCC_DYNAMIC_NO_PIC = NO;
				GCC_NO_COMMON_BLOCKS = YES;
				GCC_OPTIMIZATION_LEVEL = 0;
				GCC_PREPROCESSOR_DEFINITIONS = (
					"DEBUG=1",
					"$(inherited)",
				);
				GCC_WARN_64_TO_32_BIT_CONVERSION = YES;
				GCC_WARN_ABOUT_RETURN_TYPE = YES_ERROR;
				GCC_WARN_UNDECLARED_SELECTOR = YES;
				GCC_WARN_UNINITIALIZED_AUTOS = YES_AGGRESSIVE;
				GCC_WARN_UNUSED_FUNCTION = YES;
				GCC_WARN_UNUSED_VARIABLE = YES;
				IPHONEOS_DEPLOYMENT_TARGET = 11.3;
				MTL_ENABLE_DEBUG_INFO = YES;
				ONLY_ACTIVE_ARCH = YES;
				SDKROOT = iphoneos;
				SWIFT_ACTIVE_COMPILATION_CONDITIONS = DEBUG;
				SWIFT_OPTIMIZATION_LEVEL = "-Onone";
			};
			name = Debug;
		};
		C5F0055D20A432FF00DE7B8D /* Release */ = {
			isa = XCBuildConfiguration;
			buildSettings = {
				ALWAYS_SEARCH_USER_PATHS = NO;
				CLANG_ANALYZER_NONNULL = YES;
				CLANG_ANALYZER_NUMBER_OBJECT_CONVERSION = YES_AGGRESSIVE;
				CLANG_CXX_LANGUAGE_STANDARD = "gnu++14";
				CLANG_CXX_LIBRARY = "libc++";
				CLANG_ENABLE_MODULES = YES;
				CLANG_ENABLE_OBJC_ARC = YES;
				CLANG_ENABLE_OBJC_WEAK = YES;
				CLANG_WARN_BLOCK_CAPTURE_AUTORELEASING = YES;
				CLANG_WARN_BOOL_CONVERSION = YES;
				CLANG_WARN_COMMA = YES;
				CLANG_WARN_CONSTANT_CONVERSION = YES;
				CLANG_WARN_DEPRECATED_OBJC_IMPLEMENTATIONS = YES;
				CLANG_WARN_DIRECT_OBJC_ISA_USAGE = YES_ERROR;
				CLANG_WARN_DOCUMENTATION_COMMENTS = YES;
				CLANG_WARN_EMPTY_BODY = YES;
				CLANG_WARN_ENUM_CONVERSION = YES;
				CLANG_WARN_INFINITE_RECURSION = YES;
				CLANG_WARN_INT_CONVERSION = YES;
				CLANG_WARN_NON_LITERAL_NULL_CONVERSION = YES;
				CLANG_WARN_OBJC_IMPLICIT_RETAIN_SELF = YES;
				CLANG_WARN_OBJC_LITERAL_CONVERSION = YES;
				CLANG_WARN_OBJC_ROOT_CLASS = YES_ERROR;
				CLANG_WARN_RANGE_LOOP_ANALYSIS = YES;
				CLANG_WARN_STRICT_PROTOTYPES = YES;
				CLANG_WARN_SUSPICIOUS_MOVE = YES;
				CLANG_WARN_UNGUARDED_AVAILABILITY = YES_AGGRESSIVE;
				CLANG_WARN_UNREACHABLE_CODE = YES;
				CLANG_WARN__DUPLICATE_METHOD_MATCH = YES;
				CODE_SIGN_IDENTITY = "iPhone Developer";
				COPY_PHASE_STRIP = NO;
				DEBUG_INFORMATION_FORMAT = "dwarf-with-dsym";
				ENABLE_NS_ASSERTIONS = NO;
				ENABLE_STRICT_OBJC_MSGSEND = YES;
				GCC_C_LANGUAGE_STANDARD = gnu11;
				GCC_NO_COMMON_BLOCKS = YES;
				GCC_WARN_64_TO_32_BIT_CONVERSION = YES;
				GCC_WARN_ABOUT_RETURN_TYPE = YES_ERROR;
				GCC_WARN_UNDECLARED_SELECTOR = YES;
				GCC_WARN_UNINITIALIZED_AUTOS = YES_AGGRESSIVE;
				GCC_WARN_UNUSED_FUNCTION = YES;
				GCC_WARN_UNUSED_VARIABLE = YES;
				IPHONEOS_DEPLOYMENT_TARGET = 11.3;
				MTL_ENABLE_DEBUG_INFO = NO;
				SDKROOT = iphoneos;
				SWIFT_COMPILATION_MODE = wholemodule;
				SWIFT_OPTIMIZATION_LEVEL = "-O";
				VALIDATE_PRODUCT = YES;
			};
			name = Release;
		};
		C5F0055F20A432FF00DE7B8D /* Debug */ = {
			isa = XCBuildConfiguration;
			baseConfigurationReference = 0FFAC13581E3EBA1236CC685 /* Pods-UZuCha.debug.xcconfig */;
			buildSettings = {
				ASSETCATALOG_COMPILER_APPICON_NAME = AppIcon;
				CODE_SIGN_STYLE = Automatic;
				INFOPLIST_FILE = UZuCha/Info.plist;
				LD_RUNPATH_SEARCH_PATHS = (
					"$(inherited)",
					"@executable_path/Frameworks",
				);
				PRODUCT_BUNDLE_IDENTIFIER = KWJGOD.UZuCha;
				PRODUCT_NAME = "$(TARGET_NAME)";
				SWIFT_VERSION = 4.0;
				TARGETED_DEVICE_FAMILY = "1,2";
			};
			name = Debug;
		};
		C5F0056020A432FF00DE7B8D /* Release */ = {
			isa = XCBuildConfiguration;
			baseConfigurationReference = F78A3F503F337EB636267DAB /* Pods-UZuCha.release.xcconfig */;
			buildSettings = {
				ASSETCATALOG_COMPILER_APPICON_NAME = AppIcon;
				CODE_SIGN_STYLE = Automatic;
				INFOPLIST_FILE = UZuCha/Info.plist;
				LD_RUNPATH_SEARCH_PATHS = (
					"$(inherited)",
					"@executable_path/Frameworks",
				);
				PRODUCT_BUNDLE_IDENTIFIER = KWJGOD.UZuCha;
				PRODUCT_NAME = "$(TARGET_NAME)";
				SWIFT_VERSION = 4.0;
				TARGETED_DEVICE_FAMILY = "1,2";
			};
			name = Release;
		};
		C5F0056220A432FF00DE7B8D /* Debug */ = {
			isa = XCBuildConfiguration;
			buildSettings = {
				ALWAYS_EMBED_SWIFT_STANDARD_LIBRARIES = YES;
				BUNDLE_LOADER = "$(TEST_HOST)";
				CODE_SIGN_STYLE = Automatic;
				INFOPLIST_FILE = UZuChaTests/Info.plist;
				LD_RUNPATH_SEARCH_PATHS = (
					"$(inherited)",
					"@executable_path/Frameworks",
					"@loader_path/Frameworks",
				);
				PRODUCT_BUNDLE_IDENTIFIER = KWJGOD.UZuChaTests;
				PRODUCT_NAME = "$(TARGET_NAME)";
				SWIFT_VERSION = 4.0;
				TARGETED_DEVICE_FAMILY = "1,2";
				TEST_HOST = "$(BUILT_PRODUCTS_DIR)/UZuCha.app/UZuCha";
			};
			name = Debug;
		};
		C5F0056320A432FF00DE7B8D /* Release */ = {
			isa = XCBuildConfiguration;
			buildSettings = {
				ALWAYS_EMBED_SWIFT_STANDARD_LIBRARIES = YES;
				BUNDLE_LOADER = "$(TEST_HOST)";
				CODE_SIGN_STYLE = Automatic;
				INFOPLIST_FILE = UZuChaTests/Info.plist;
				LD_RUNPATH_SEARCH_PATHS = (
					"$(inherited)",
					"@executable_path/Frameworks",
					"@loader_path/Frameworks",
				);
				PRODUCT_BUNDLE_IDENTIFIER = KWJGOD.UZuChaTests;
				PRODUCT_NAME = "$(TARGET_NAME)";
				SWIFT_VERSION = 4.0;
				TARGETED_DEVICE_FAMILY = "1,2";
				TEST_HOST = "$(BUILT_PRODUCTS_DIR)/UZuCha.app/UZuCha";
			};
			name = Release;
		};
		C5F0056520A432FF00DE7B8D /* Debug */ = {
			isa = XCBuildConfiguration;
			buildSettings = {
				ALWAYS_EMBED_SWIFT_STANDARD_LIBRARIES = YES;
				CODE_SIGN_STYLE = Automatic;
				INFOPLIST_FILE = UZuChaUITests/Info.plist;
				LD_RUNPATH_SEARCH_PATHS = (
					"$(inherited)",
					"@executable_path/Frameworks",
					"@loader_path/Frameworks",
				);
				PRODUCT_BUNDLE_IDENTIFIER = KWJGOD.UZuChaUITests;
				PRODUCT_NAME = "$(TARGET_NAME)";
				SWIFT_VERSION = 4.0;
				TARGETED_DEVICE_FAMILY = "1,2";
				TEST_TARGET_NAME = UZuCha;
			};
			name = Debug;
		};
		C5F0056620A432FF00DE7B8D /* Release */ = {
			isa = XCBuildConfiguration;
			buildSettings = {
				ALWAYS_EMBED_SWIFT_STANDARD_LIBRARIES = YES;
				CODE_SIGN_STYLE = Automatic;
				INFOPLIST_FILE = UZuChaUITests/Info.plist;
				LD_RUNPATH_SEARCH_PATHS = (
					"$(inherited)",
					"@executable_path/Frameworks",
					"@loader_path/Frameworks",
				);
				PRODUCT_BUNDLE_IDENTIFIER = KWJGOD.UZuChaUITests;
				PRODUCT_NAME = "$(TARGET_NAME)";
				SWIFT_VERSION = 4.0;
				TARGETED_DEVICE_FAMILY = "1,2";
				TEST_TARGET_NAME = UZuCha;
			};
			name = Release;
		};
/* End XCBuildConfiguration section */

/* Begin XCConfigurationList section */
		C5F0053120A432FE00DE7B8D /* Build configuration list for PBXProject "UZuCha" */ = {
			isa = XCConfigurationList;
			buildConfigurations = (
				C5F0055C20A432FF00DE7B8D /* Debug */,
				C5F0055D20A432FF00DE7B8D /* Release */,
			);
			defaultConfigurationIsVisible = 0;
			defaultConfigurationName = Release;
		};
		C5F0055E20A432FF00DE7B8D /* Build configuration list for PBXNativeTarget "UZuCha" */ = {
			isa = XCConfigurationList;
			buildConfigurations = (
				C5F0055F20A432FF00DE7B8D /* Debug */,
				C5F0056020A432FF00DE7B8D /* Release */,
			);
			defaultConfigurationIsVisible = 0;
			defaultConfigurationName = Release;
		};
		C5F0056120A432FF00DE7B8D /* Build configuration list for PBXNativeTarget "UZuChaTests" */ = {
			isa = XCConfigurationList;
			buildConfigurations = (
				C5F0056220A432FF00DE7B8D /* Debug */,
				C5F0056320A432FF00DE7B8D /* Release */,
			);
			defaultConfigurationIsVisible = 0;
			defaultConfigurationName = Release;
		};
		C5F0056420A432FF00DE7B8D /* Build configuration list for PBXNativeTarget "UZuChaUITests" */ = {
			isa = XCConfigurationList;
			buildConfigurations = (
				C5F0056520A432FF00DE7B8D /* Debug */,
				C5F0056620A432FF00DE7B8D /* Release */,
			);
			defaultConfigurationIsVisible = 0;
			defaultConfigurationName = Release;
		};
/* End XCConfigurationList section */
	};
	rootObject = C5F0052E20A432FE00DE7B8D /* Project object */;
}
